
Microsoft Visual Studio Solution File, Format Version 12.00
# Visual Studio Version 17
VisualStudioVersion = 17.5.33424.131
MinimumVisualStudioVersion = 10.0.40219.1
Project("{FAE04EC0-301F-11D3-BF4B-00C04F79EFBC}") = "Homework01", "Homework01\Homework01.csproj", "{51339B66-941F-40B0-9174-011ACF7CE06F}"
EndProject
Global
	GlobalSection(SolutionConfigurationPlatforms) = preSolution
		Debug|Any CPU = Debug|Any CPU
		Release|Any CPU = Release|Any CPU
	EndGlobalSection
	GlobalSection(ProjectConfigurationPlatforms) = postSolution
		{51339B66-941F-40B0-9174-011ACF7CE06F}.Debug|Any CPU.ActiveCfg = Debug|Any CPU
		{51339B66-941F-40B0-9174-011ACF7CE06F}.Debug|Any CPU.Build.0 = Debug|Any CPU
		{51339B66-941F-40B0-9174-011ACF7CE06F}.Release|Any CPU.ActiveCfg = Release|Any CPU
		{51339B66-941F-40B0-9174-011ACF7CE06F}.Release|Any CPU.Build.0 = Release|Any CPU
	EndGlobalSection
	GlobalSection(SolutionProperties) = preSolution
		HideSolutionNode = FALSE
	EndGlobalSection
	GlobalSection(ExtensibilityGlobals) = postSolution
		SolutionGuid = {A8ED2967-7189-4CA6-9CE3-38D92FEBA4FD}
	EndGlobalSection
EndGlobal
